
Microsoft Visual Studio Solution File, Format Version 12.00
# Visual Studio Version 17
VisualStudioVersion = 17.12.35527.113
MinimumVisualStudioVersion = 10.0.40219.1
Project("{9A19103F-16F7-4668-BE54-9A1E7A4F7556}") = "T3.Web", "src\T3.Web\T3.Web.csproj", "{11CCD872-FE07-4174-A3AF-71511A4C5941}"
EndProject
Project("{9A19103F-16F7-4668-BE54-9A1E7A4F7556}") = "T3.Transactions.Domain.Test", "tests\T3.Transactions.Domain.Test\T3.Transactions.Domain.Test.csproj", "{ECF9D5FF-05E7-471B-818A-0830A7FD1735}"
EndProject
Project("{E53339B2-1760-4266-BCC7-CA923CBCF16C}") = "docker-compose", "docker-compose.dcproj", "{DCB5A165-B704-4021-B76D-9F4E779D56E0}"
EndProject
Project("{9A19103F-16F7-4668-BE54-9A1E7A4F7556}") = "T3.Data", "src\T3.Data\T3.Data.csproj", "{2CCBDA73-8804-4593-AB54-2076DB462B21}"
EndProject
Project("{9A19103F-16F7-4668-BE54-9A1E7A4F7556}") = "T3.Domain.Shared", "src\T3.Domain.Shared\T3.Domain.Shared.csproj", "{23A07EC0-F0CD-4704-9BED-CD121AE7A1BD}"
EndProject
Project("{9A19103F-16F7-4668-BE54-9A1E7A4F7556}") = "T3.Transactions.Core", "src\T3.Transactions.Core\T3.Transactions.Core.csproj", "{F41B3C66-61EA-4F38-B102-CD357C54FAB2}"
EndProject
Project("{9A19103F-16F7-4668-BE54-9A1E7A4F7556}") = "T3.Transactions.API", "src\T3.Transactions.API\T3.Transactions.API.csproj", "{72B7BD33-0B66-4D0F-BE8E-EEE257707462}"
EndProject
Project("{2150E333-8FDC-42A3-9474-1A3956D46DE8}") = "Domain", "Domain", "{A7B78E83-3417-4EEE-BB58-B101FD6D6B7B}"
EndProject
Project("{2150E333-8FDC-42A3-9474-1A3956D46DE8}") = "Infrastructure", "Infrastructure", "{1D81CC98-AEBC-4F30-A717-47C0AEFCFBDD}"
EndProject
Project("{2150E333-8FDC-42A3-9474-1A3956D46DE8}") = "tests", "tests", "{26D58DE2-19AC-406C-8B86-E872C78A8B00}"
EndProject
Project("{2150E333-8FDC-42A3-9474-1A3956D46DE8}") = "src", "src", "{989A095A-319E-46C3-AD81-098A2F1EEE54}"
EndProject
Project("{2150E333-8FDC-42A3-9474-1A3956D46DE8}") = "API", "API", "{6A113993-8F04-4A68-B9CA-D91578F1C17A}"
EndProject
Project("{FAE04EC0-301F-11D3-BF4B-00C04F79EFBC}") = "T3.API.Shared", "src\T3.API.Shared\T3.API.Shared.csproj", "{CE176527-6D47-4AFA-9D92-312716161C80}"
EndProject
Project("{FAE04EC0-301F-11D3-BF4B-00C04F79EFBC}") = "T3.Logger", "src\T3.Logger\T3.Logger.csproj", "{E8E15998-FBFE-415B-971E-E04B0047E4DF}"
EndProject
Project("{FAE04EC0-301F-11D3-BF4B-00C04F79EFBC}") = "T3.Data.AuditableBuilder", "src\T3.Data.AuditableBuilder\T3.Data.AuditableBuilder.csproj", "{71AE095E-E68F-472A-8029-2E02BD873BA0}"
EndProject
Global
	GlobalSection(SolutionConfigurationPlatforms) = preSolution
		Debug|Any CPU = Debug|Any CPU
		Release|Any CPU = Release|Any CPU
	EndGlobalSection
	GlobalSection(ProjectConfigurationPlatforms) = postSolution
		{11CCD872-FE07-4174-A3AF-71511A4C5941}.Debug|Any CPU.ActiveCfg = Debug|Any CPU
		{11CCD872-FE07-4174-A3AF-71511A4C5941}.Debug|Any CPU.Build.0 = Debug|Any CPU
		{11CCD872-FE07-4174-A3AF-71511A4C5941}.Release|Any CPU.ActiveCfg = Release|Any CPU
		{11CCD872-FE07-4174-A3AF-71511A4C5941}.Release|Any CPU.Build.0 = Release|Any CPU
		{ECF9D5FF-05E7-471B-818A-0830A7FD1735}.Debug|Any CPU.ActiveCfg = Debug|Any CPU
		{ECF9D5FF-05E7-471B-818A-0830A7FD1735}.Debug|Any CPU.Build.0 = Debug|Any CPU
		{ECF9D5FF-05E7-471B-818A-0830A7FD1735}.Release|Any CPU.ActiveCfg = Release|Any CPU
		{ECF9D5FF-05E7-471B-818A-0830A7FD1735}.Release|Any CPU.Build.0 = Release|Any CPU
		{DCB5A165-B704-4021-B76D-9F4E779D56E0}.Debug|Any CPU.ActiveCfg = Debug|Any CPU
		{DCB5A165-B704-4021-B76D-9F4E779D56E0}.Debug|Any CPU.Build.0 = Debug|Any CPU
		{DCB5A165-B704-4021-B76D-9F4E779D56E0}.Release|Any CPU.ActiveCfg = Release|Any CPU
		{DCB5A165-B704-4021-B76D-9F4E779D56E0}.Release|Any CPU.Build.0 = Release|Any CPU
		{2CCBDA73-8804-4593-AB54-2076DB462B21}.Debug|Any CPU.ActiveCfg = Debug|Any CPU
		{2CCBDA73-8804-4593-AB54-2076DB462B21}.Debug|Any CPU.Build.0 = Debug|Any CPU
		{2CCBDA73-8804-4593-AB54-2076DB462B21}.Release|Any CPU.ActiveCfg = Release|Any CPU
		{2CCBDA73-8804-4593-AB54-2076DB462B21}.Release|Any CPU.Build.0 = Release|Any CPU
		{23A07EC0-F0CD-4704-9BED-CD121AE7A1BD}.Debug|Any CPU.ActiveCfg = Debug|Any CPU
		{23A07EC0-F0CD-4704-9BED-CD121AE7A1BD}.Debug|Any CPU.Build.0 = Debug|Any CPU
		{23A07EC0-F0CD-4704-9BED-CD121AE7A1BD}.Release|Any CPU.ActiveCfg = Release|Any CPU
		{23A07EC0-F0CD-4704-9BED-CD121AE7A1BD}.Release|Any CPU.Build.0 = Release|Any CPU
		{F41B3C66-61EA-4F38-B102-CD357C54FAB2}.Debug|Any CPU.ActiveCfg = Debug|Any CPU
		{F41B3C66-61EA-4F38-B102-CD357C54FAB2}.Debug|Any CPU.Build.0 = Debug|Any CPU
		{F41B3C66-61EA-4F38-B102-CD357C54FAB2}.Release|Any CPU.ActiveCfg = Release|Any CPU
		{F41B3C66-61EA-4F38-B102-CD357C54FAB2}.Release|Any CPU.Build.0 = Release|Any CPU
		{72B7BD33-0B66-4D0F-BE8E-EEE257707462}.Debug|Any CPU.ActiveCfg = Debug|Any CPU
		{72B7BD33-0B66-4D0F-BE8E-EEE257707462}.Debug|Any CPU.Build.0 = Debug|Any CPU
		{72B7BD33-0B66-4D0F-BE8E-EEE257707462}.Release|Any CPU.ActiveCfg = Release|Any CPU
		{72B7BD33-0B66-4D0F-BE8E-EEE257707462}.Release|Any CPU.Build.0 = Release|Any CPU
		{CE176527-6D47-4AFA-9D92-312716161C80}.Debug|Any CPU.ActiveCfg = Debug|Any CPU
		{CE176527-6D47-4AFA-9D92-312716161C80}.Debug|Any CPU.Build.0 = Debug|Any CPU
		{CE176527-6D47-4AFA-9D92-312716161C80}.Release|Any CPU.ActiveCfg = Release|Any CPU
		{CE176527-6D47-4AFA-9D92-312716161C80}.Release|Any CPU.Build.0 = Release|Any CPU
		{E8E15998-FBFE-415B-971E-E04B0047E4DF}.Debug|Any CPU.ActiveCfg = Debug|Any CPU
		{E8E15998-FBFE-415B-971E-E04B0047E4DF}.Debug|Any CPU.Build.0 = Debug|Any CPU
		{E8E15998-FBFE-415B-971E-E04B0047E4DF}.Release|Any CPU.ActiveCfg = Release|Any CPU
		{E8E15998-FBFE-415B-971E-E04B0047E4DF}.Release|Any CPU.Build.0 = Release|Any CPU
		{71AE095E-E68F-472A-8029-2E02BD873BA0}.Debug|Any CPU.ActiveCfg = Debug|Any CPU
		{71AE095E-E68F-472A-8029-2E02BD873BA0}.Debug|Any CPU.Build.0 = Debug|Any CPU
		{71AE095E-E68F-472A-8029-2E02BD873BA0}.Release|Any CPU.ActiveCfg = Release|Any CPU
		{71AE095E-E68F-472A-8029-2E02BD873BA0}.Release|Any CPU.Build.0 = Release|Any CPU
	EndGlobalSection
	GlobalSection(SolutionProperties) = preSolution
		HideSolutionNode = FALSE
	EndGlobalSection
	GlobalSection(NestedProjects) = preSolution
		{11CCD872-FE07-4174-A3AF-71511A4C5941} = {989A095A-319E-46C3-AD81-098A2F1EEE54}
		{ECF9D5FF-05E7-471B-818A-0830A7FD1735} = {26D58DE2-19AC-406C-8B86-E872C78A8B00}
		{2CCBDA73-8804-4593-AB54-2076DB462B21} = {1D81CC98-AEBC-4F30-A717-47C0AEFCFBDD}
		{23A07EC0-F0CD-4704-9BED-CD121AE7A1BD} = {A7B78E83-3417-4EEE-BB58-B101FD6D6B7B}
		{F41B3C66-61EA-4F38-B102-CD357C54FAB2} = {A7B78E83-3417-4EEE-BB58-B101FD6D6B7B}
		{72B7BD33-0B66-4D0F-BE8E-EEE257707462} = {6A113993-8F04-4A68-B9CA-D91578F1C17A}
		{A7B78E83-3417-4EEE-BB58-B101FD6D6B7B} = {989A095A-319E-46C3-AD81-098A2F1EEE54}
		{1D81CC98-AEBC-4F30-A717-47C0AEFCFBDD} = {989A095A-319E-46C3-AD81-098A2F1EEE54}
		{6A113993-8F04-4A68-B9CA-D91578F1C17A} = {989A095A-319E-46C3-AD81-098A2F1EEE54}
		{CE176527-6D47-4AFA-9D92-312716161C80} = {6A113993-8F04-4A68-B9CA-D91578F1C17A}
		{E8E15998-FBFE-415B-971E-E04B0047E4DF} = {1D81CC98-AEBC-4F30-A717-47C0AEFCFBDD}
		{71AE095E-E68F-472A-8029-2E02BD873BA0} = {1D81CC98-AEBC-4F30-A717-47C0AEFCFBDD}
	EndGlobalSection
	GlobalSection(ExtensibilityGlobals) = postSolution
		SolutionGuid = {4772742F-2EEC-474B-86FA-FB250BDB0E3B}
	EndGlobalSection
EndGlobal
